{
  "name": "crossbean",
  "version": "0.1.1",
  "lockfileVersion": 3,
  "requires": true,
  "packages": {
    "": {
      "name": "crossbean",
      "version": "0.1.1",
      "license": "MIT",
      "dependencies": {
        "sqlite-vec": "^0.1.9",
        "webview-bun": "^2.4.0"
      }
    },
    "node_modules/sqlite-vec": {
      "version": "0.1.9",
      "license": "MIT OR Apache",
      "optionalDependencies": {
        "sqlite-vec-darwin-arm64": "0.1.9",
        "sqlite-vec-darwin-x64": "0.1.9",
        "sqlite-vec-linux-arm64": "0.1.9",
        "sqlite-vec-linux-x64": "0.1.9",
        "sqlite-vec-windows-x64": "0.1.9"
      }
    },
    "node_modules/sqlite-vec-linux-x64": {
      "version": "0.1.9",
      "cpu": [
        "x64"
      ],
      "license": "MIT OR Apache",
      "optional": true,
      "os": [
        "linux"
      ]
    },
    "node_modules/webview-bun": {
      "version": "2.4.0",
      "license": "MIT"
    }
  }
}
